
Microsoft Visual Studio Solution File, Format Version 12.00
# Visual Studio Version 17
VisualStudioVersion = 17.5.33530.505
MinimumVisualStudioVersion = 10.0.40219.1
Project("{9A19103F-16F7-4668-BE54-9A1E7A4F7556}") = "www.Cloundlife.tk", "www.Cloundlife.tk.csproj", "{2500C034-67F9-49F8-B2D7-B035659B1C49}"
EndProject
Global
	GlobalSection(SolutionConfigurationPlatforms) = preSolution
		Debug|Any CPU = Debug|Any CPU
		Release|Any CPU = Release|Any CPU
	EndGlobalSection
	GlobalSection(ProjectConfigurationPlatforms) = postSolution
		{2500C034-67F9-49F8-B2D7-B035659B1C49}.Debug|Any CPU.ActiveCfg = Debug|Any CPU
		{2500C034-67F9-49F8-B2D7-B035659B1C49}.Debug|Any CPU.Build.0 = Debug|Any CPU
		{2500C034-67F9-49F8-B2D7-B035659B1C49}.Release|Any CPU.ActiveCfg = Release|Any CPU
		{2500C034-67F9-49F8-B2D7-B035659B1C49}.Release|Any CPU.Build.0 = Release|Any CPU
	EndGlobalSection
	GlobalSection(SolutionProperties) = preSolution
		HideSolutionNode = FALSE
	EndGlobalSection
	GlobalSection(ExtensibilityGlobals) = postSolution
		SolutionGuid = {6454BEDD-E5DA-4910-A870-119C04E7DBA9}
	EndGlobalSection
EndGlobal
